
Microsoft Visual Studio Solution File, Format Version 12.00
# Visual Studio Version 17
VisualStudioVersion = 17.5.002.0
MinimumVisualStudioVersion = 10.0.40219.1
Project("{9A19103F-16F7-4668-BE54-9A1E7A4F7556}") = "Backend", "Backend\Backend.csproj", "{BDF5BB4D-2096-477E-B06F-36B1A4F8E1F0}"
EndProject
Project("{9A19103F-16F7-4668-BE54-9A1E7A4F7556}") = "Backend.Tests", "Backend.Tests\Backend.Tests.csproj", "{BF526C23-8816-4188-A029-158696833354}"
EndProject
Global
	GlobalSection(SolutionConfigurationPlatforms) = preSolution
		Debug|Any CPU = Debug|Any CPU
		Release|Any CPU = Release|Any CPU
	EndGlobalSection
	GlobalSection(ProjectConfigurationPlatforms) = postSolution
		{BDF5BB4D-2096-477E-B06F-36B1A4F8E1F0}.Debug|Any CPU.ActiveCfg = Debug|Any CPU
		{BDF5BB4D-2096-477E-B06F-36B1A4F8E1F0}.Debug|Any CPU.Build.0 = Debug|Any CPU
		{BDF5BB4D-2096-477E-B06F-36B1A4F8E1F0}.Release|Any CPU.ActiveCfg = Release|Any CPU
		{BDF5BB4D-2096-477E-B06F-36B1A4F8E1F0}.Release|Any CPU.Build.0 = Release|Any CPU
		{BF526C23-8816-4188-A029-158696833354}.Debug|Any CPU.ActiveCfg = Debug|Any CPU
		{BF526C23-8816-4188-A029-158696833354}.Debug|Any CPU.Build.0 = Debug|Any CPU
		{BF526C23-8816-4188-A029-158696833354}.Release|Any CPU.ActiveCfg = Release|Any CPU
		{BF526C23-8816-4188-A029-158696833354}.Release|Any CPU.Build.0 = Release|Any CPU
	EndGlobalSection
	GlobalSection(SolutionProperties) = preSolution
		HideSolutionNode = FALSE
	EndGlobalSection
	GlobalSection(ExtensibilityGlobals) = postSolution
		SolutionGuid = {7B732B66-F8FE-404A-8D21-05B1E53ECCAC}
	EndGlobalSection
EndGlobal
